Microsoft Visual Studio Solution File, Format Version 12.00
# Visual Studio Version 17
VisualStudioVersion = 17.5.2.0
MinimumVisualStudioVersion = 10.0.40219.1
Project("{2150E333-8FDC-42A3-9474-1A3956D46DE8}") = "backend", "backend", "{1AE8ACA6-933B-BF2A-3671-3E2EAC007D16}"
EndProject
Project("{FAE04EC0-301F-11D3-BF4B-00C04F79EFBC}") = "Nutriflow.api", "backend\Nutriflow.api\Nutriflow.api.csproj", "{87B23A2C-B788-3232-6E1E-2F1D5D466E50}"
EndProject
Global
	GlobalSection(SolutionConfigurationPlatforms) = preSolution
		Debug|Any CPU = Debug|Any CPU
		Release|Any CPU = Release|Any CPU
	EndGlobalSection
	GlobalSection(ProjectConfigurationPlatforms) = postSolution
		{87B23A2C-B788-3232-6E1E-2F1D5D466E50}.Debug|Any CPU.ActiveCfg = Debug|Any CPU
		{87B23A2C-B788-3232-6E1E-2F1D5D466E50}.Debug|Any CPU.Build.0 = Debug|Any CPU
		{87B23A2C-B788-3232-6E1E-2F1D5D466E50}.Release|Any CPU.ActiveCfg = Release|Any CPU
		{87B23A2C-B788-3232-6E1E-2F1D5D466E50}.Release|Any CPU.Build.0 = Release|Any CPU
	EndGlobalSection
	GlobalSection(SolutionProperties) = preSolution
		HideSolutionNode = FALSE
	EndGlobalSection
	GlobalSection(NestedProjects) = preSolution
		{87B23A2C-B788-3232-6E1E-2F1D5D466E50} = {1AE8ACA6-933B-BF2A-3671-3E2EAC007D16}
	EndGlobalSection
	GlobalSection(ExtensibilityGlobals) = postSolution
		SolutionGuid = {D652F4CD-DCF1-488E-9016-9C93D1B9B96E}
	EndGlobalSection
EndGlobal
